{
  "name": "bytewiser",
  "version": "1.0.0",
  "lockfileVersion": 2,
  "requires": true,
  "packages": {
    "": {
      "name": "bytewiser",
      "version": "1.0.0",
      "license": "ISC",
      "dependencies": {
        "bytewiser": "^2.1.0"
      }
    },
    "node_modules/abbrev": {
      "version": "1.1.1",
      "resolved": "https://registry.npm.taobao.org/abbrev/download/abbrev-1.1.1.tgz",
      "integrity": "sha1-+PLIh60Qv2f2NPAFtph/7TF5qsg="
    },
    "node_modules/after": {
      "version": "0.8.2",
      "resolved": "https://registry.npm.taobao.org/after/download/after-0.8.2.tgz",
      "integrity": "sha1-/ts5T58OAqqXaOcCvaI7UF+ufh8="
    },
    "node_modules/ansi-regex": {
      "version": "2.1.1",
      "resolved": "https://registry.nlark.com/ansi-regex/download/ansi-regex-2.1.1.tgz?cache=0&sync_timestamp=1631634988487&other_urls=https%3A%2F%2Fregistry.nlark.com%2Fansi-regex%2Fdownload%2Fansi-regex-2.1.1.tgz",
      "integrity": "sha1-w7M6te42DYbg5ijwRorn7yfWVN8=",
      "engines": {
        "node": ">=0.10.0"
      }
    },
    "node_modules/ansi-styles": {
      "version": "1.0.0",
      "resolved": "https://registry.nlark.com/ansi-styles/download/ansi-styles-1.0.0.tgz",
      "integrity": "sha1-yxAt8cVvUSPquLZ817mAJ6AnkXg=",
      "engines": {
        "node": ">=0.8.0"
      }
    },
    "node_modules/ansicolors": {
      "version": "0.2.1",
      "resolved": "https://registry.npm.taobao.org/ansicolors/download/ansicolors-0.2.1.tgz",
      "integrity": "sha1-vgiVmQl7dKXJxKhKDNvNtivYeu8="
    },
    "node_modules/boganipsum": {
      "version": "0.1.0",
      "resolved": "https://registry.nlark.com/boganipsum/download/boganipsum-0.1.0.tgz",
      "integrity": "sha1-mriG4wGNyO+ll0BBOW6JohIK10M=",
      "deprecated": "no longer maintained",
      "bin": {
        "boganipsum": "boganipsum"
      }
    },
    "node_modules/bytewiser": {
      "version": "2.1.0",
      "resolved": "https://registry.npmmirror.com/bytewiser/download/bytewiser-2.1.0.tgz",
      "integrity": "sha1-NLuIvJ2KUDJbQdmUcCqxQShA0hs=",
      "dependencies": {
        "boganipsum": "^0.1.0",
        "colors-tmpl": "^1.0.0",
        "combined-stream": "0.0.7",
        "through2": "^0.6.5",
        "workshopper": "^2.5.0",
        "workshopper-exercise": "^2.3.0"
      },
      "bin": {
        "bytewiser": "bytewiser.js"
      }
    },
    "node_modules/cardinal": {
      "version": "0.5.0",
      "resolved": "https://registry.npm.taobao.org/cardinal/download/cardinal-0.5.0.tgz",
      "integrity": "sha1-ANX2YdvUqr/ffUHOSKWlm8o1opE=",
      "dependencies": {
        "ansicolors": "~0.2.1",
        "redeyed": "~0.5.0"
      },
      "bin": {
        "cdl": "bin/cdl.js"
      }
    },
    "node_modules/chalk": {
      "version": "0.4.0",
      "resolved": "https://registry.nlark.com/chalk/download/chalk-0.4.0.tgz?cache=0&sync_timestamp=1627646655305&other_urls=https%3A%2F%2Fregistry.nlark.com%2Fchalk%2Fdownload%2Fchalk-0.4.0.tgz",
      "integrity": "sha1-UZmj3c0MHv4jvAjBsCewYXbgxk8=",
      "dependencies": {
        "ansi-styles": "~1.0.0",
        "has-color": "~0.1.0",
        "strip-ansi": "~0.1.0"
      },
      "engines": {
        "node": ">=0.8.0"
      }
    },
    "node_modules/charm": {
      "version": "0.1.2",
      "resolved": "https://registry.npm.taobao.org/charm/download/charm-0.1.2.tgz",
      "integrity": "sha1-BsIe7RobBq62dVPNxT4jJ0usIpY="
    },
    "node_modules/colors": {
      "version": "1.0.3",
      "resolved": "https://registry.npm.taobao.org/colors/download/colors-1.0.3.tgz",
      "integrity": "sha1-BDP0TYCWgP3rYO0mDxsMJi6CpAs=",
      "engines": {
        "node": ">=0.1.90"
      }
    },
    "node_modules/colors-tmpl": {
      "version": "1.0.0",
      "resolved": "https://registry.nlark.com/colors-tmpl/download/colors-tmpl-1.0.0.tgz",
      "integrity": "sha1-tgrEr4FlVdnt8a0kczfrMCQbbS4=",
      "deprecated": "no longer maintained",
      "dependencies": {
        "colors": "~1.0.2"
      }
    },
    "node_modules/combined-stream": {
      "version": "0.0.7",
      "resolved": "https://registry.npm.taobao.org/combined-stream/download/combined-stream-0.0.7.tgz",
      "integrity": "sha1-ATfmV7qlp1QcV6w3rF/AfXO03B8=",
      "dependencies": {
        "delayed-stream": "0.0.5"
      },
      "engines": {
        "node": ">= 0.8"
      }
    },
    "node_modules/core-util-is": {
      "version": "1.0.3",
      "resolved": "https://registry.nlark.com/core-util-is/download/core-util-is-1.0.3.tgz",
      "integrity": "sha1-pgQtNjTCsn6TKPg3uWX6yDgI24U="
    },
    "node_modules/delayed-stream": {
      "version": "0.0.5",
      "resolved": "https://registry.npm.taobao.org/delayed-stream/download/delayed-stream-0.0.5.tgz",
      "integrity": "sha1-1LH0OpPoKW3+AmlPRoC8N6MTxz8=",
      "engines": {
        "node": ">=0.4.0"
      }
    },
    "node_modules/duplexer2": {
      "version": "0.0.2",
      "resolved": "https://registry.npm.taobao.org/duplexer2/download/duplexer2-0.0.2.tgz",
      "integrity": "sha1-xhTc9n4vsUmVqRcR5aYX6KYKMds=",
      "dependencies": {
        "readable-stream": "~1.1.9"
      }
    },
    "node_modules/duplexer2/node_modules/readable-stream": {
      "version": "1.1.14",
      "resolved": "https://registry.npm.taobao.org/readable-stream/download/readable-stream-1.1.14.tgz",
      "integrity": "sha1-fPTFTvZI44EwhMY23SB54WbAgdk=",
      "dependencies": {
        "core-util-is": "~1.0.0",
        "inherits": "~2.0.1",
        "isarray": "0.0.1",
        "string_decoder": "~0.10.x"
      }
    },
    "node_modules/escape-string-regexp": {
      "version": "1.0.5",
      "resolved": "https://registry.nlark.com/escape-string-regexp/download/escape-string-regexp-1.0.5.tgz",
      "integrity": "sha1-G2HAViGQqN/2rjuyzwIAyhMLhtQ=",
      "engines": {
        "node": ">=0.8.0"
      }
    },
    "node_modules/esprima-fb": {
      "version": "12001.1.0-dev-harmony-fb",
      "resolved": "https://registry.npm.taobao.org/esprima-fb/download/esprima-fb-12001.1.0-dev-harmony-fb.tgz",
      "integrity": "sha1-2EQAOEupXOJnjGF60kp/QICNqRU=",
      "bin": {
        "esparse": "bin/esparse.js",
        "esvalidate": "bin/esvalidate.js"
      },
      "engines": {
        "node": ">=0.4.0"
      }
    },
    "node_modules/has-ansi": {
      "version": "2.0.0",
      "resolved": "https://registry.nlark.com/has-ansi/download/has-ansi-2.0.0.tgz?cache=0&sync_timestamp=1631556755105&other_urls=https%3A%2F%2Fregistry.nlark.com%2Fhas-ansi%2Fdownload%2Fhas-ansi-2.0.0.tgz",
      "integrity": "sha1-NPUEnOHs3ysGSa8+8k5F7TVBbZE=",
      "dependencies": {
        "ansi-regex": "^2.0.0"
      },
      "engines": {
        "node": ">=0.10.0"
      }
    },
    "node_modules/has-color": {
      "version": "0.1.7",
      "resolved": "https://registry.npm.taobao.org/has-color/download/has-color-0.1.7.tgz",
      "integrity": "sha1-ZxRKUmDDT8PMpnfQQdr1L+e3iy8=",
      "engines": {
        "node": ">=0.10.0"
      }
    },
    "node_modules/i18n-core": {
      "version": "1.3.3",
      "resolved": "https://registry.nlark.com/i18n-core/download/i18n-core-1.3.3.tgz",
      "integrity": "sha1-UWaJKw51I1REXgMvAUbC0Tv+hUA=",
      "dependencies": {
        "mustache": "^0.8.2",
        "sprintf": "^0.1.4"
      }
    },
    "node_modules/inherits": {
      "version": "2.0.4",
      "resolved": "https://registry.npm.taobao.org/inherits/download/inherits-2.0.4.tgz",
      "integrity": "sha1-D6LGT5MpF8NDOg3tVTY6rjdBa3w="
    },
    "node_modules/isarray": {
      "version": "0.0.1",
      "resolved": "https://registry.npm.taobao.org/isarray/download/isarray-0.0.1.tgz",
      "integrity": "sha1-ihis/Kmo9Bd+Cav8YDiTmwXR7t8="
    },
    "node_modules/map-async": {
      "version": "0.1.1",
      "resolved": "https://registry.npm.taobao.org/map-async/download/map-async-0.1.1.tgz",
      "integrity": "sha1-yJfARJ+Fhkx0taPxlu20IVZDF0U="
    },
    "node_modules/marked": {
      "version": "0.3.19",
      "resolved": "https://registry.npmmirror.com/marked/download/marked-0.3.19.tgz?cache=0&sync_timestamp=1635056725784&other_urls=https%3A%2F%2Fregistry.npmmirror.com%2Fmarked%2Fdownload%2Fmarked-0.3.19.tgz",
      "integrity": "sha1-XUf3CcTJ/Dwha21GEnKA9As515A=",
      "bin": {
        "marked": "bin/marked"
      },
      "engines": {
        "node": ">=0.10.0"
      }
    },
    "node_modules/minimist": {
      "version": "0.0.10",
      "resolved": "https://registry.npm.taobao.org/minimist/download/minimist-0.0.10.tgz",
      "integrity": "sha1-3j+YVD2/lggr5IrRoMfNqDYwHc8="
    },
    "node_modules/mkdirp": {
      "version": "0.3.5",
      "resolved": "https://registry.npm.taobao.org/mkdirp/download/mkdirp-0.3.5.tgz",
      "integrity": "sha1-3j5fiWHIjHh+4TaN+EmsRBPsqNc=",
      "deprecated": "Legacy versions of mkdirp are no longer supported. Please update to mkdirp 1.x. (Note that the API surface has changed to use Promises in 1.x.)"
    },
    "node_modules/msee": {
      "version": "0.1.2",
      "resolved": "https://registry.nlark.com/msee/download/msee-0.1.2.tgz",
      "integrity": "sha1-8tHiDvlLjNRSQ/LVyBfpcUPwKG0=",
      "dependencies": {
        "cardinal": "^0.5.0",
        "chalk": "~0.4.0",
        "marked": "~0.3.0",
        "nopt": "~2.1.1",
        "xtend": "~2.1.1"
      },
      "bin": {
        "msee": "bin/msee"
      }
    },
    "node_modules/msee/node_modules/xtend": {
      "version": "2.1.2",
      "resolved": "https://registry.npm.taobao.org/xtend/download/xtend-2.1.2.tgz",
      "integrity": "sha1-bv7MKk2tjmlixJAbM3znuoe10os=",
      "dependencies": {
        "object-keys": "~0.4.0"
      },
      "engines": {
        "node": ">=0.4"
      }
    },
    "node_modules/mustache": {
      "version": "0.8.2",
      "resolved": "https://registry.nlark.com/mustache/download/mustache-0.8.2.tgz",
      "integrity": "sha1-v1uSK49Azc+5HANdzZFhENFiH5s="
    },
    "node_modules/nopt": {
      "version": "2.1.2",
      "resolved": "https://registry.npm.taobao.org/nopt/download/nopt-2.1.2.tgz",
      "integrity": "sha1-bMzZd7gBMqB3MdbozljCyDA8+a8=",
      "dependencies": {
        "abbrev": "1"
      },
      "bin": {
        "nopt": "bin/nopt.js"
      }
    },
    "node_modules/object-keys": {
      "version": "0.4.0",
      "resolved": "https://registry.npm.taobao.org/object-keys/download/object-keys-0.4.0.tgz",
      "integrity": "sha1-KKaq50KN0sOpLz2V8hM13SBOAzY="
    },
    "node_modules/optimist": {
      "version": "0.6.1",
      "resolved": "https://registry.npm.taobao.org/optimist/download/optimist-0.6.1.tgz",
      "integrity": "sha1-2j6nRob6IaGaERwybpDrFaAZZoY=",
      "dependencies": {
        "minimist": "~0.0.1",
        "wordwrap": "~0.0.2"
      }
    },
    "node_modules/process-nextick-args": {
      "version": "2.0.1",
      "resolved": "https://registry.npm.taobao.org/process-nextick-args/download/process-nextick-args-2.0.1.tgz",
      "integrity": "sha1-eCDZsWEgzFXKmud5JoCufbptf+I="
    },
    "node_modules/readable-stream": {
      "version": "1.0.34",
      "resolved": "https://registry.npm.taobao.org/readable-stream/download/readable-stream-1.0.34.tgz",
      "integrity": "sha1-Elgg40vIQtLyqq+v5MKRbuMsFXw=",
      "dependencies": {
        "core-util-is": "~1.0.0",
        "inherits": "~2.0.1",
        "isarray": "0.0.1",
        "string_decoder": "~0.10.x"
      }
    },
    "node_modules/redeyed": {
      "version": "0.5.0",
      "resolved": "https://registry.npm.taobao.org/redeyed/download/redeyed-0.5.0.tgz",
      "integrity": "sha1-erAA5g7jh1rBFdKe2zLBQDxsJdE=",
      "dependencies": {
        "esprima-fb": "~12001.1.0-dev-harmony-fb"
      }
    },
    "node_modules/resumer": {
      "version": "0.0.0",
      "resolved": "https://registry.npm.taobao.org/resumer/download/resumer-0.0.0.tgz",
      "integrity": "sha1-8ej0YeQGS6Oegq883CqMiT0HZ1k=",
      "dependencies": {
        "through": "~2.3.4"
      }
    },
    "node_modules/safe-buffer": {
      "version": "5.1.2",
      "resolved": "https://registry.npm.taobao.org/safe-buffer/download/safe-buffer-5.1.2.tgz",
      "integrity": "sha1-mR7GnSluAxN0fVm9/St0XDX4go0="
    },
    "node_modules/split": {
      "version": "1.0.1",
      "resolved": "https://registry.nlark.com/split/download/split-1.0.1.tgz",
      "integrity": "sha1-YFvZvjA6pZ+zX5Ip++oN3snqB9k=",
      "dependencies": {
        "through": "2"
      },
      "engines": {
        "node": "*"
      }
    },
    "node_modules/sprintf": {
      "version": "0.1.5",
      "resolved": "https://registry.npm.taobao.org/sprintf/download/sprintf-0.1.5.tgz",
      "integrity": "sha1-j4PjmpMXwaUCy324BQ5Rxnn27c8=",
      "deprecated": "The sprintf package is deprecated in favor of sprintf-js.",
      "engines": {
        "node": ">=0.2.4"
      }
    },
    "node_modules/string_decoder": {
      "version": "0.10.31",
      "resolved": "https://registry.npm.taobao.org/string_decoder/download/string_decoder-0.10.31.tgz",
      "integrity": "sha1-YuIDvEF2bGwoyfyEMB2rHFMQ+pQ="
    },
    "node_modules/strip-ansi": {
      "version": "0.1.1",
      "resolved": "https://registry.npmmirror.com/strip-ansi/download/strip-ansi-0.1.1.tgz",
      "integrity": "sha1-OeipjQRNFQZgq+SmgIrPcLt7yZE=",
      "bin": {
        "strip-ansi": "cli.js"
      },
      "engines": {
        "node": ">=0.8.0"
      }
    },
    "node_modules/supports-color": {
      "version": "2.0.0",
      "resolved": "https://registry.nlark.com/supports-color/download/supports-color-2.0.0.tgz",
      "integrity": "sha1-U10EXOa2Nj+kARcIRimZXp3zJMc=",
      "engines": {
        "node": ">=0.8.0"
      }
    },
    "node_modules/terminal-menu": {
      "version": "2.1.1",
      "resolved": "https://registry.npm.taobao.org/terminal-menu/download/terminal-menu-2.1.1.tgz",
      "integrity": "sha1-uQhiCAAARHtFYBFOLSqBEf7MOnk=",
      "dependencies": {
        "charm": "~0.1.2",
        "duplexer2": "0.0.2",
        "inherits": "~2.0.0",
        "resumer": "~0.0.0",
        "through2": "^0.6.3",
        "visualwidth": "~0.0.1"
      }
    },
    "node_modules/through": {
      "version": "2.3.8",
      "resolved": "https://registry.npm.taobao.org/through/download/through-2.3.8.tgz",
      "integrity": "sha1-DdTJ/6q8NXlgsbckEV1+Doai4fU="
    },
    "node_modules/through2": {
      "version": "0.6.5",
      "resolved": "https://registry.npm.taobao.org/through2/download/through2-0.6.5.tgz",
      "integrity": "sha1-QaucZ7KdVyCQcUEOHXp6lozTrUg=",
      "dependencies": {
        "readable-stream": ">=1.0.33-1 <1.1.0-0",
        "xtend": ">=4.0.0 <4.1.0-0"
      }
    },
    "node_modules/tuple-stream": {
      "version": "0.0.2",
      "resolved": "https://registry.npm.taobao.org/tuple-stream/download/tuple-stream-0.0.2.tgz",
      "integrity": "sha1-+R9vsbr94evXl89gAzeOvDhwuTM=",
      "dependencies": {
        "through": "~2.3.4"
      }
    },
    "node_modules/util-deprecate": {
      "version": "1.0.2",
      "resolved": "https://registry.npm.taobao.org/util-deprecate/download/util-deprecate-1.0.2.tgz",
      "integrity": "sha1-RQ1Nyfpw3nMnYvvS1KKJgUGaDM8="
    },
    "node_modules/varsize-string": {
      "version": "2.2.2",
      "resolved": "https://registry.nlark.com/varsize-string/download/varsize-string-2.2.2.tgz",
      "integrity": "sha1-7xs7bHLbCDXqL4TN+R/sMMUgaIs="
    },
    "node_modules/visualwidth": {
      "version": "0.0.1",
      "resolved": "https://registry.npm.taobao.org/visualwidth/download/visualwidth-0.0.1.tgz",
      "integrity": "sha1-I3Z1q5pyEVY5JrpjMJRYx9qRWrc="
    },
    "node_modules/wcsize": {
      "version": "1.0.0",
      "resolved": "https://registry.nlark.com/wcsize/download/wcsize-1.0.0.tgz",
      "integrity": "sha1-qKLhXmqKdHkdulgPaaV9J+hQ6h4="
    },
    "node_modules/wcstring": {
      "version": "2.1.1",
      "resolved": "https://registry.nlark.com/wcstring/download/wcstring-2.1.1.tgz",
      "integrity": "sha1-3tUtdFycceJNCkidKCbSKjZe0Gc=",
      "dependencies": {
        "varsize-string": "^2.2.1",
        "wcsize": "^1.0.0"
      }
    },
    "node_modules/wordwrap": {
      "version": "0.0.3",
      "resolved": "https://registry.npm.taobao.org/wordwrap/download/wordwrap-0.0.3.tgz",
      "integrity": "sha1-o9XabNXAvAAI03I0u68b7WMFkQc=",
      "engines": {
        "node": ">=0.4.0"
      }
    },
    "node_modules/workshopper": {
      "version": "2.7.0",
      "resolved": "https://registry.nlark.com/workshopper/download/workshopper-2.7.0.tgz",
      "integrity": "sha1-NnmHA/CAcfUEzPl0OZBmPntC9jk=",
      "dependencies": {
        "chalk": "~0.4.0",
        "colors-tmpl": "~0.1.0",
        "i18n-core": "^1.3.2",
        "map-async": "~0.1.1",
        "mkdirp": "~0.3.5",
        "msee": "~0.1.1",
        "optimist": "~0.6.1",
        "terminal-menu": "^2.1.1",
        "visualwidth": "~0.0.1",
        "xtend": "~3.0.0"
      }
    },
    "node_modules/workshopper-exercise": {
      "version": "2.7.0",
      "resolved": "https://registry.npm.taobao.org/workshopper-exercise/download/workshopper-exercise-2.7.0.tgz",
      "integrity": "sha1-hccAviZkrIWROtqAcEBQQBs+CDY=",
      "dependencies": {
        "after": "~0.8.1",
        "chalk": "^1.1.1",
        "i18n-core": "^2.1.1",
        "split": "^1.0.0",
        "through2": "^2.0.0",
        "tuple-stream": "0.0.2",
        "wcstring": "^2.1.0",
        "xtend": "^4.0.1"
      }
    },
    "node_modules/workshopper-exercise/node_modules/ansi-styles": {
      "version": "2.2.1",
      "resolved": "https://registry.nlark.com/ansi-styles/download/ansi-styles-2.2.1.tgz",
      "integrity": "sha1-tDLdM1i2NM914eRmQ2gkBTPB3b4=",
      "engines": {
        "node": ">=0.10.0"
      }
    },
    "node_modules/workshopper-exercise/node_modules/chalk": {
      "version": "1.1.3",
      "resolved": "https://registry.nlark.com/chalk/download/chalk-1.1.3.tgz?cache=0&sync_timestamp=1627646655305&other_urls=https%3A%2F%2Fregistry.nlark.com%2Fchalk%2Fdownload%2Fchalk-1.1.3.tgz",
      "integrity": "sha1-qBFcVeSnAv5NFQq9OHKCKn4J/Jg=",
      "dependencies": {
        "ansi-styles": "^2.2.1",
        "escape-string-regexp": "^1.0.2",
        "has-ansi": "^2.0.0",
        "strip-ansi": "^3.0.0",
        "supports-color": "^2.0.0"
      },
      "engines": {
        "node": ">=0.10.0"
      }
    },
    "node_modules/workshopper-exercise/node_modules/i18n-core": {
      "version": "2.1.1",
      "resolved": "https://registry.nlark.com/i18n-core/download/i18n-core-2.1.1.tgz",
      "integrity": "sha1-l4MCdLPOY+LqZ5YlbgSKSa9WzBQ=",
      "dependencies": {
        "mustache": "^0.8.2",
        "sprintf": "^0.1.4"
      }
    },
    "node_modules/workshopper-exercise/node_modules/isarray": {
      "version": "1.0.0",
      "resolved": "https://registry.npm.taobao.org/isarray/download/isarray-1.0.0.tgz",
      "integrity": "sha1-u5NdSFgsuhaMBoNJV6VKPgcSTxE="
    },
    "node_modules/workshopper-exercise/node_modules/readable-stream": {
      "version": "2.3.7",
      "resolved": "https://registry.npm.taobao.org/readable-stream/download/readable-stream-2.3.7.tgz",
      "integrity": "sha1-Hsoc9xGu+BTAT2IlKjamL2yyO1c=",
      "dependencies": {
        "core-util-is": "~1.0.0",
        "inherits": "~2.0.3",
        "isarray": "~1.0.0",
        "process-nextick-args": "~2.0.0",
        "safe-buffer": "~5.1.1",
        "string_decoder": "~1.1.1",
        "util-deprecate": "~1.0.1"
      }
    },
    "node_modules/workshopper-exercise/node_modules/string_decoder": {
      "version": "1.1.1",
      "resolved": "https://registry.npm.taobao.org/string_decoder/download/string_decoder-1.1.1.tgz",
      "integrity": "sha1-nPFhG6YmhdcDCunkujQUnDrwP8g=",
      "dependencies": {
        "safe-buffer": "~5.1.0"
      }
    },
    "node_modules/workshopper-exercise/node_modules/strip-ansi": {
      "version": "3.0.1",
      "resolved": "https://registry.npmmirror.com/strip-ansi/download/strip-ansi-3.0.1.tgz",
      "integrity": "sha1-ajhfuIU9lS1f8F0Oiq+UJ43GPc8=",
      "dependencies": {
        "ansi-regex": "^2.0.0"
      },
      "engines": {
        "node": ">=0.10.0"
      }
    },
    "node_modules/workshopper-exercise/node_modules/through2": {
      "version": "2.0.5",
      "resolved": "https://registry.npm.taobao.org/through2/download/through2-2.0.5.tgz",
      "integrity": "sha1-AcHjnrMdB8t9A6lqcIIyYLIxMs0=",
      "dependencies": {
        "readable-stream": "~2.3.6",
        "xtend": "~4.0.1"
      }
    },
    "node_modules/workshopper/node_modules/colors": {
      "version": "0.6.2",
      "resolved": "https://registry.npm.taobao.org/colors/download/colors-0.6.2.tgz",
      "integrity": "sha1-JCP+ZnisDF2uiFLl0OW+CMmXq8w=",
      "engines": {
        "node": ">=0.1.90"
      }
    },
    "node_modules/workshopper/node_modules/colors-tmpl": {
      "version": "0.1.1",
      "resolved": "https://registry.nlark.com/colors-tmpl/download/colors-tmpl-0.1.1.tgz",
      "integrity": "sha1-F+n5rYBceS/6OsagSctzJ9llt/4=",
      "deprecated": "no longer maintained",
      "dependencies": {
        "colors": "~0.6.2"
      }
    },
    "node_modules/workshopper/node_modules/xtend": {
      "version": "3.0.0",
      "resolved": "https://registry.npm.taobao.org/xtend/download/xtend-3.0.0.tgz",
      "integrity": "sha1-XM50B7r2Qsunvs2laBEcST9ZZlo=",
      "engines": {
        "node": ">=0.4"
      }
    },
    "node_modules/xtend": {
      "version": "4.0.2",
      "resolved": "https://registry.npm.taobao.org/xtend/download/xtend-4.0.2.tgz",
      "integrity": "sha1-u3J3n1+kZRhrH0OPZ0+jR/2121Q=",
      "engines": {
        "node": ">=0.4"
      }
    }
  },
  "dependencies": {
    "abbrev": {
      "version": "1.1.1",
      "resolved": "https://registry.npm.taobao.org/abbrev/download/abbrev-1.1.1.tgz",
      "integrity": "sha1-+PLIh60Qv2f2NPAFtph/7TF5qsg="
    },
    "after": {
      "version": "0.8.2",
      "resolved": "https://registry.npm.taobao.org/after/download/after-0.8.2.tgz",
      "integrity": "sha1-/ts5T58OAqqXaOcCvaI7UF+ufh8="
    },
    "ansi-regex": {
      "version": "2.1.1",
      "resolved": "https://registry.nlark.com/ansi-regex/download/ansi-regex-2.1.1.tgz?cache=0&sync_timestamp=1631634988487&other_urls=https%3A%2F%2Fregistry.nlark.com%2Fansi-regex%2Fdownload%2Fansi-regex-2.1.1.tgz",
      "integrity": "sha1-w7M6te42DYbg5ijwRorn7yfWVN8="
    },
    "ansi-styles": {
      "version": "1.0.0",
      "resolved": "https://registry.nlark.com/ansi-styles/download/ansi-styles-1.0.0.tgz",
      "integrity": "sha1-yxAt8cVvUSPquLZ817mAJ6AnkXg="
    },
    "ansicolors": {
      "version": "0.2.1",
      "resolved": "https://registry.npm.taobao.org/ansicolors/download/ansicolors-0.2.1.tgz",
      "integrity": "sha1-vgiVmQl7dKXJxKhKDNvNtivYeu8="
    },
    "boganipsum": {
      "version": "0.1.0",
      "resolved": "https://registry.nlark.com/boganipsum/download/boganipsum-0.1.0.tgz",
      "integrity": "sha1-mriG4wGNyO+ll0BBOW6JohIK10M="
    },
    "bytewiser": {
      "version": "2.1.0",
      "resolved": "https://registry.npmmirror.com/bytewiser/download/bytewiser-2.1.0.tgz",
      "integrity": "sha1-NLuIvJ2KUDJbQdmUcCqxQShA0hs=",
      "requires": {
        "boganipsum": "^0.1.0",
        "colors-tmpl": "^1.0.0",
        "combined-stream": "0.0.7",
        "through2": "^0.6.5",
        "workshopper": "^2.5.0",
        "workshopper-exercise": "^2.3.0"
      }
    },
    "cardinal": {
      "version": "0.5.0",
      "resolved": "https://registry.npm.taobao.org/cardinal/download/cardinal-0.5.0.tgz",
      "integrity": "sha1-ANX2YdvUqr/ffUHOSKWlm8o1opE=",
      "requires": {
        "ansicolors": "~0.2.1",
        "redeyed": "~0.5.0"
      }
    },
    "chalk": {
      "version": "0.4.0",
      "resolved": "https://registry.nlark.com/chalk/download/chalk-0.4.0.tgz?cache=0&sync_timestamp=1627646655305&other_urls=https%3A%2F%2Fregistry.nlark.com%2Fchalk%2Fdownload%2Fchalk-0.4.0.tgz",
      "integrity": "sha1-UZmj3c0MHv4jvAjBsCewYXbgxk8=",
      "requires": {
        "ansi-styles": "~1.0.0",
        "has-color": "~0.1.0",
        "strip-ansi": "~0.1.0"
      }
    },
    "charm": {
      "version": "0.1.2",
      "resolved": "https://registry.npm.taobao.org/charm/download/charm-0.1.2.tgz",
      "integrity": "sha1-BsIe7RobBq62dVPNxT4jJ0usIpY="
    },
    "colors": {
      "version": "1.0.3",
      "resolved": "https://registry.npm.taobao.org/colors/download/colors-1.0.3.tgz",
      "integrity": "sha1-BDP0TYCWgP3rYO0mDxsMJi6CpAs="
    },
    "colors-tmpl": {
      "version": "1.0.0",
      "resolved": "https://registry.nlark.com/colors-tmpl/download/colors-tmpl-1.0.0.tgz",
      "integrity": "sha1-tgrEr4FlVdnt8a0kczfrMCQbbS4=",
      "requires": {
        "colors": "~1.0.2"
      }
    },
    "combined-stream": {
      "version": "0.0.7",
      "resolved": "https://registry.npm.taobao.org/combined-stream/download/combined-stream-0.0.7.tgz",
      "integrity": "sha1-ATfmV7qlp1QcV6w3rF/AfXO03B8=",
      "requires": {
        "delayed-stream": "0.0.5"
      }
    },
    "core-util-is": {
      "version": "1.0.3",
      "resolved": "https://registry.nlark.com/core-util-is/download/core-util-is-1.0.3.tgz",
      "integrity": "sha1-pgQtNjTCsn6TKPg3uWX6yDgI24U="
    },
    "delayed-stream": {
      "version": "0.0.5",
      "resolved": "https://registry.npm.taobao.org/delayed-stream/download/delayed-stream-0.0.5.tgz",
      "integrity": "sha1-1LH0OpPoKW3+AmlPRoC8N6MTxz8="
    },
    "duplexer2": {
      "version": "0.0.2",
      "resolved": "https://registry.npm.taobao.org/duplexer2/download/duplexer2-0.0.2.tgz",
      "integrity": "sha1-xhTc9n4vsUmVqRcR5aYX6KYKMds=",
      "requires": {
        "readable-stream": "~1.1.9"
      },
      "dependencies": {
        "readable-stream": {
          "version": "1.1.14",
          "resolved": "https://registry.npm.taobao.org/readable-stream/download/readable-stream-1.1.14.tgz",
          "integrity": "sha1-fPTFTvZI44EwhMY23SB54WbAgdk=",
          "requires": {
            "core-util-is": "~1.0.0",
            "inherits": "~2.0.1",
            "isarray": "0.0.1",
            "string_decoder": "~0.10.x"
          }
        }
      }
    },
    "escape-string-regexp": {
      "version": "1.0.5",
      "resolved": "https://registry.nlark.com/escape-string-regexp/download/escape-string-regexp-1.0.5.tgz",
      "integrity": "sha1-G2HAViGQqN/2rjuyzwIAyhMLhtQ="
    },
    "esprima-fb": {
      "version": "12001.1.0-dev-harmony-fb",
      "resolved": "https://registry.npm.taobao.org/esprima-fb/download/esprima-fb-12001.1.0-dev-harmony-fb.tgz",
      "integrity": "sha1-2EQAOEupXOJnjGF60kp/QICNqRU="
    },
    "has-ansi": {
      "version": "2.0.0",
      "resolved": "https://registry.nlark.com/has-ansi/download/has-ansi-2.0.0.tgz?cache=0&sync_timestamp=1631556755105&other_urls=https%3A%2F%2Fregistry.nlark.com%2Fhas-ansi%2Fdownload%2Fhas-ansi-2.0.0.tgz",
      "integrity": "sha1-NPUEnOHs3ysGSa8+8k5F7TVBbZE=",
      "requires": {
        "ansi-regex": "^2.0.0"
      }
    },
    "has-color": {
      "version": "0.1.7",
      "resolved": "https://registry.npm.taobao.org/has-color/download/has-color-0.1.7.tgz",
      "integrity": "sha1-ZxRKUmDDT8PMpnfQQdr1L+e3iy8="
    },
    "i18n-core": {
      "version": "1.3.3",
      "resolved": "https://registry.nlark.com/i18n-core/download/i18n-core-1.3.3.tgz",
      "integrity": "sha1-UWaJKw51I1REXgMvAUbC0Tv+hUA=",
      "requires": {
        "mustache": "^0.8.2",
        "sprintf": "^0.1.4"
      }
    },
    "inherits": {
      "version": "2.0.4",
      "resolved": "https://registry.npm.taobao.org/inherits/download/inherits-2.0.4.tgz",
      "integrity": "sha1-D6LGT5MpF8NDOg3tVTY6rjdBa3w="
    },
    "isarray": {
      "version": "0.0.1",
      "resolved": "https://registry.npm.taobao.org/isarray/download/isarray-0.0.1.tgz",
      "integrity": "sha1-ihis/Kmo9Bd+Cav8YDiTmwXR7t8="
    },
    "map-async": {
      "version": "0.1.1",
      "resolved": "https://registry.npm.taobao.org/map-async/download/map-async-0.1.1.tgz",
      "integrity": "sha1-yJfARJ+Fhkx0taPxlu20IVZDF0U="
    },
    "marked": {
      "version": "0.3.19",
      "resolved": "https://registry.npmmirror.com/marked/download/marked-0.3.19.tgz?cache=0&sync_timestamp=1635056725784&other_urls=https%3A%2F%2Fregistry.npmmirror.com%2Fmarked%2Fdownload%2Fmarked-0.3.19.tgz",
      "integrity": "sha1-XUf3CcTJ/Dwha21GEnKA9As515A="
    },
    "minimist": {
      "version": "0.0.10",
      "resolved": "https://registry.npm.taobao.org/minimist/download/minimist-0.0.10.tgz",
      "integrity": "sha1-3j+YVD2/lggr5IrRoMfNqDYwHc8="
    },
    "mkdirp": {
      "version": "0.3.5",
      "resolved": "https://registry.npm.taobao.org/mkdirp/download/mkdirp-0.3.5.tgz",
      "integrity": "sha1-3j5fiWHIjHh+4TaN+EmsRBPsqNc="
    },
    "msee": {
      "version": "0.1.2",
      "resolved": "https://registry.nlark.com/msee/download/msee-0.1.2.tgz",
      "integrity": "sha1-8tHiDvlLjNRSQ/LVyBfpcUPwKG0=",
      "requires": {
        "cardinal": "^0.5.0",
        "chalk": "~0.4.0",
        "marked": "~0.3.0",
        "nopt": "~2.1.1",
        "xtend": "~2.1.1"
      },
      "dependencies": {
        "xtend": {
          "version": "2.1.2",
          "resolved": "https://registry.npm.taobao.org/xtend/download/xtend-2.1.2.tgz",
          "integrity": "sha1-bv7MKk2tjmlixJAbM3znuoe10os=",
          "requires": {
            "object-keys": "~0.4.0"
          }
        }
      }
    },
    "mustache": {
      "version": "0.8.2",
      "resolved": "https://registry.nlark.com/mustache/download/mustache-0.8.2.tgz",
      "integrity": "sha1-v1uSK49Azc+5HANdzZFhENFiH5s="
    },
    "nopt": {
      "version": "2.1.2",
      "resolved": "https://registry.npm.taobao.org/nopt/download/nopt-2.1.2.tgz",
      "integrity": "sha1-bMzZd7gBMqB3MdbozljCyDA8+a8=",
      "requires": {
        "abbrev": "1"
      }
    },
    "object-keys": {
      "version": "0.4.0",
      "resolved": "https://registry.npm.taobao.org/object-keys/download/object-keys-0.4.0.tgz",
      "integrity": "sha1-KKaq50KN0sOpLz2V8hM13SBOAzY="
    },
    "optimist": {
      "version": "0.6.1",
      "resolved": "https://registry.npm.taobao.org/optimist/download/optimist-0.6.1.tgz",
      "integrity": "sha1-2j6nRob6IaGaERwybpDrFaAZZoY=",
      "requires": {
        "minimist": "~0.0.1",
        "wordwrap": "~0.0.2"
      }
    },
    "process-nextick-args": {
      "version": "2.0.1",
      "resolved": "https://registry.npm.taobao.org/process-nextick-args/download/process-nextick-args-2.0.1.tgz",
      "integrity": "sha1-eCDZsWEgzFXKmud5JoCufbptf+I="
    },
    "readable-stream": {
      "version": "1.0.34",
      "resolved": "https://registry.npm.taobao.org/readable-stream/download/readable-stream-1.0.34.tgz",
      "integrity": "sha1-Elgg40vIQtLyqq+v5MKRbuMsFXw=",
      "requires": {
        "core-util-is": "~1.0.0",
        "inherits": "~2.0.1",
        "isarray": "0.0.1",
        "string_decoder": "~0.10.x"
      }
    },
    "redeyed": {
      "version": "0.5.0",
      "resolved": "https://registry.npm.taobao.org/redeyed/download/redeyed-0.5.0.tgz",
      "integrity": "sha1-erAA5g7jh1rBFdKe2zLBQDxsJdE=",
      "requires": {
        "esprima-fb": "~12001.1.0-dev-harmony-fb"
      }
    },
    "resumer": {
      "version": "0.0.0",
      "resolved": "https://registry.npm.taobao.org/resumer/download/resumer-0.0.0.tgz",
      "integrity": "sha1-8ej0YeQGS6Oegq883CqMiT0HZ1k=",
      "requires": {
        "through": "~2.3.4"
      }
    },
    "safe-buffer": {
      "version": "5.1.2",
      "resolved": "https://registry.npm.taobao.org/safe-buffer/download/safe-buffer-5.1.2.tgz",
      "integrity": "sha1-mR7GnSluAxN0fVm9/St0XDX4go0="
    },
    "split": {
      "version": "1.0.1",
      "resolved": "https://registry.nlark.com/split/download/split-1.0.1.tgz",
      "integrity": "sha1-YFvZvjA6pZ+zX5Ip++oN3snqB9k=",
      "requires": {
        "through": "2"
      }
    },
    "sprintf": {
      "version": "0.1.5",
      "resolved": "https://registry.npm.taobao.org/sprintf/download/sprintf-0.1.5.tgz",
      "integrity": "sha1-j4PjmpMXwaUCy324BQ5Rxnn27c8="
    },
    "string_decoder": {
      "version": "0.10.31",
      "resolved": "https://registry.npm.taobao.org/string_decoder/download/string_decoder-0.10.31.tgz",
      "integrity": "sha1-YuIDvEF2bGwoyfyEMB2rHFMQ+pQ="
    },
    "strip-ansi": {
      "version": "0.1.1",
      "resolved": "https://registry.npmmirror.com/strip-ansi/download/strip-ansi-0.1.1.tgz",
      "integrity": "sha1-OeipjQRNFQZgq+SmgIrPcLt7yZE="
    },
    "supports-color": {
      "version": "2.0.0",
      "resolved": "https://registry.nlark.com/supports-color/download/supports-color-2.0.0.tgz",
      "integrity": "sha1-U10EXOa2Nj+kARcIRimZXp3zJMc="
    },
    "terminal-menu": {
      "version": "2.1.1",
      "resolved": "https://registry.npm.taobao.org/terminal-menu/download/terminal-menu-2.1.1.tgz",
      "integrity": "sha1-uQhiCAAARHtFYBFOLSqBEf7MOnk=",
      "requires": {
        "charm": "~0.1.2",
        "duplexer2": "0.0.2",
        "inherits": "~2.0.0",
        "resumer": "~0.0.0",
        "through2": "^0.6.3",
        "visualwidth": "~0.0.1"
      }
    },
    "through": {
      "version": "2.3.8",
      "resolved": "https://registry.npm.taobao.org/through/download/through-2.3.8.tgz",
      "integrity": "sha1-DdTJ/6q8NXlgsbckEV1+Doai4fU="
    },
    "through2": {
      "version": "0.6.5",
      "resolved": "https://registry.npm.taobao.org/through2/download/through2-0.6.5.tgz",
      "integrity": "sha1-QaucZ7KdVyCQcUEOHXp6lozTrUg=",
      "requires": {
        "readable-stream": ">=1.0.33-1 <1.1.0-0",
        "xtend": ">=4.0.0 <4.1.0-0"
      }
    },
    "tuple-stream": {
      "version": "0.0.2",
      "resolved": "https://registry.npm.taobao.org/tuple-stream/download/tuple-stream-0.0.2.tgz",
      "integrity": "sha1-+R9vsbr94evXl89gAzeOvDhwuTM=",
      "requires": {
        "through": "~2.3.4"
      }
    },
    "util-deprecate": {
      "version": "1.0.2",
      "resolved": "https://registry.npm.taobao.org/util-deprecate/download/util-deprecate-1.0.2.tgz",
      "integrity": "sha1-RQ1Nyfpw3nMnYvvS1KKJgUGaDM8="
    },
    "varsize-string": {
      "version": "2.2.2",
      "resolved": "https://registry.nlark.com/varsize-string/download/varsize-string-2.2.2.tgz",
      "integrity": "sha1-7xs7bHLbCDXqL4TN+R/sMMUgaIs="
    },
    "visualwidth": {
      "version": "0.0.1",
      "resolved": "https://registry.npm.taobao.org/visualwidth/download/visualwidth-0.0.1.tgz",
      "integrity": "sha1-I3Z1q5pyEVY5JrpjMJRYx9qRWrc="
    },
    "wcsize": {
      "version": "1.0.0",
      "resolved": "https://registry.nlark.com/wcsize/download/wcsize-1.0.0.tgz",
      "integrity": "sha1-qKLhXmqKdHkdulgPaaV9J+hQ6h4="
    },
    "wcstring": {
      "version": "2.1.1",
      "resolved": "https://registry.nlark.com/wcstring/download/wcstring-2.1.1.tgz",
      "integrity": "sha1-3tUtdFycceJNCkidKCbSKjZe0Gc=",
      "requires": {
        "varsize-string": "^2.2.1",
        "wcsize": "^1.0.0"
      }
    },
    "wordwrap": {
      "version": "0.0.3",
      "resolved": "https://registry.npm.taobao.org/wordwrap/download/wordwrap-0.0.3.tgz",
      "integrity": "sha1-o9XabNXAvAAI03I0u68b7WMFkQc="
    },
    "workshopper": {
      "version": "2.7.0",
      "resolved": "https://registry.nlark.com/workshopper/download/workshopper-2.7.0.tgz",
      "integrity": "sha1-NnmHA/CAcfUEzPl0OZBmPntC9jk=",
      "requires": {
        "chalk": "~0.4.0",
        "colors-tmpl": "~0.1.0",
        "i18n-core": "^1.3.2",
        "map-async": "~0.1.1",
        "mkdirp": "~0.3.5",
        "msee": "~0.1.1",
        "optimist": "~0.6.1",
        "terminal-menu": "^2.1.1",
        "visualwidth": "~0.0.1",
        "xtend": "~3.0.0"
      },
      "dependencies": {
        "colors": {
          "version": "0.6.2",
          "resolved": "https://registry.npm.taobao.org/colors/download/colors-0.6.2.tgz",
          "integrity": "sha1-JCP+ZnisDF2uiFLl0OW+CMmXq8w="
        },
        "colors-tmpl": {
          "version": "0.1.1",
          "resolved": "https://registry.nlark.com/colors-tmpl/download/colors-tmpl-0.1.1.tgz",
          "integrity": "sha1-F+n5rYBceS/6OsagSctzJ9llt/4=",
          "requires": {
            "colors": "~0.6.2"
          }
        },
        "xtend": {
          "version": "3.0.0",
          "resolved": "https://registry.npm.taobao.org/xtend/download/xtend-3.0.0.tgz",
          "integrity": "sha1-XM50B7r2Qsunvs2laBEcST9ZZlo="
        }
      }
    },
    "workshopper-exercise": {
      "version": "2.7.0",
      "resolved": "https://registry.npm.taobao.org/workshopper-exercise/download/workshopper-exercise-2.7.0.tgz",
      "integrity": "sha1-hccAviZkrIWROtqAcEBQQBs+CDY=",
      "requires": {
        "after": "~0.8.1",
        "chalk": "^1.1.1",
        "i18n-core": "^2.1.1",
        "split": "^1.0.0",
        "through2": "^2.0.0",
        "tuple-stream": "0.0.2",
        "wcstring": "^2.1.0",
        "xtend": "^4.0.1"
      },
      "dependencies": {
        "ansi-styles": {
          "version": "2.2.1",
          "resolved": "https://registry.nlark.com/ansi-styles/download/ansi-styles-2.2.1.tgz",
          "integrity": "sha1-tDLdM1i2NM914eRmQ2gkBTPB3b4="
        },
        "chalk": {
          "version": "1.1.3",
          "resolved": "https://registry.nlark.com/chalk/download/chalk-1.1.3.tgz?cache=0&sync_timestamp=1627646655305&other_urls=https%3A%2F%2Fregistry.nlark.com%2Fchalk%2Fdownload%2Fchalk-1.1.3.tgz",
          "integrity": "sha1-qBFcVeSnAv5NFQq9OHKCKn4J/Jg=",
          "requires": {
            "ansi-styles": "^2.2.1",
            "escape-string-regexp": "^1.0.2",
            "has-ansi": "^2.0.0",
            "strip-ansi": "^3.0.0",
            "supports-color": "^2.0.0"
          }
        },
        "i18n-core": {
          "version": "2.1.1",
          "resolved": "https://registry.nlark.com/i18n-core/download/i18n-core-2.1.1.tgz",
          "integrity": "sha1-l4MCdLPOY+LqZ5YlbgSKSa9WzBQ=",
          "requires": {
            "mustache": "^0.8.2",
            "sprintf": "^0.1.4"
          }
        },
        "isarray": {
          "version": "1.0.0",
          "resolved": "https://registry.npm.taobao.org/isarray/download/isarray-1.0.0.tgz",
          "integrity": "sha1-u5NdSFgsuhaMBoNJV6VKPgcSTxE="
        },
        "readable-stream": {
          "version": "2.3.7",
          "resolved": "https://registry.npm.taobao.org/readable-stream/download/readable-stream-2.3.7.tgz",
          "integrity": "sha1-Hsoc9xGu+BTAT2IlKjamL2yyO1c=",
          "requires": {
            "core-util-is": "~1.0.0",
            "inherits": "~2.0.3",
            "isarray": "~1.0.0",
            "process-nextick-args": "~2.0.0",
            "safe-buffer": "~5.1.1",
            "string_decoder": "~1.1.1",
            "util-deprecate": "~1.0.1"
          }
        },
        "string_decoder": {
          "version": "1.1.1",
          "resolved": "https://registry.npm.taobao.org/string_decoder/download/string_decoder-1.1.1.tgz",
          "integrity": "sha1-nPFhG6YmhdcDCunkujQUnDrwP8g=",
          "requires": {
            "safe-buffer": "~5.1.0"
          }
        },
        "strip-ansi": {
          "version": "3.0.1",
          "resolved": "https://registry.npmmirror.com/strip-ansi/download/strip-ansi-3.0.1.tgz",
          "integrity": "sha1-ajhfuIU9lS1f8F0Oiq+UJ43GPc8=",
          "requires": {
            "ansi-regex": "^2.0.0"
          }
        },
        "through2": {
          "version": "2.0.5",
          "resolved": "https://registry.npm.taobao.org/through2/download/through2-2.0.5.tgz",
          "integrity": "sha1-AcHjnrMdB8t9A6lqcIIyYLIxMs0=",
          "requires": {
            "readable-stream": "~2.3.6",
            "xtend": "~4.0.1"
          }
        }
      }
    },
    "xtend": {
      "version": "4.0.2",
      "resolved": "https://registry.npm.taobao.org/xtend/download/xtend-4.0.2.tgz",
      "integrity": "sha1-u3J3n1+kZRhrH0OPZ0+jR/2121Q="
    }
  }
}
